
Microsoft Visual Studio Solution File, Format Version 12.00
# Visual Studio 15
VisualStudioVersion = 15.0.27130.0
MinimumVisualStudioVersion = 10.0.40219.1
Project("{F2A71F9B-5D33-465A-A702-920D77279786}") = "Day6.Part1", "Day6.Part1\Day6.Part1.fsproj", "{6238DAC4-EF27-475E-85A6-0CF111EF6F66}"
EndProject
Global
	GlobalSection(SolutionConfigurationPlatforms) = preSolution
		Debug|Any CPU = Debug|Any CPU
		Release|Any CPU = Release|Any CPU
	EndGlobalSection
	GlobalSection(ProjectConfigurationPlatforms) = postSolution
		{6238DAC4-EF27-475E-85A6-0CF111EF6F66}.Debug|Any CPU.ActiveCfg = Debug|Any CPU
		{6238DAC4-EF27-475E-85A6-0CF111EF6F66}.Debug|Any CPU.Build.0 = Debug|Any CPU
		{6238DAC4-EF27-475E-85A6-0CF111EF6F66}.Release|Any CPU.ActiveCfg = Release|Any CPU
		{6238DAC4-EF27-475E-85A6-0CF111EF6F66}.Release|Any CPU.Build.0 = Release|Any CPU
	EndGlobalSection
	GlobalSection(SolutionProperties) = preSolution
		HideSolutionNode = FALSE
	EndGlobalSection
	GlobalSection(ExtensibilityGlobals) = postSolution
		SolutionGuid = {68D9DA3E-D786-461A-ABBA-AEDF62B2FD2C}
	EndGlobalSection
EndGlobal
