
Microsoft Visual Studio Solution File, Format Version 12.00
# Visual Studio 15
VisualStudioVersion = 15.0.27004.2005
MinimumVisualStudioVersion = 10.0.40219.1
Project("{F2A71F9B-5D33-465A-A702-920D77279786}") = "Day3.Part1", "Day3.Part1\Day3.Part1.fsproj", "{EA8F7623-B1F0-4EA8-8188-6868F4209717}"
EndProject
Global
	GlobalSection(SolutionConfigurationPlatforms) = preSolution
		Debug|Any CPU = Debug|Any CPU
		Release|Any CPU = Release|Any CPU
	EndGlobalSection
	GlobalSection(ProjectConfigurationPlatforms) = postSolution
		{EA8F7623-B1F0-4EA8-8188-6868F4209717}.Debug|Any CPU.ActiveCfg = Debug|Any CPU
		{EA8F7623-B1F0-4EA8-8188-6868F4209717}.Debug|Any CPU.Build.0 = Debug|Any CPU
		{EA8F7623-B1F0-4EA8-8188-6868F4209717}.Release|Any CPU.ActiveCfg = Release|Any CPU
		{EA8F7623-B1F0-4EA8-8188-6868F4209717}.Release|Any CPU.Build.0 = Release|Any CPU
	EndGlobalSection
	GlobalSection(SolutionProperties) = preSolution
		HideSolutionNode = FALSE
	EndGlobalSection
	GlobalSection(ExtensibilityGlobals) = postSolution
		SolutionGuid = {0F46B9A9-5AB5-46A4-9CAD-6046A7F366FC}
	EndGlobalSection
EndGlobal
